
Microsoft Visual Studio Solution File, Format Version 12.00
# Visual Studio Version 16
VisualStudioVersion = 16.0.29709.97
MinimumVisualStudioVersion = 10.0.40219.1
Project("{FAE04EC0-301F-11D3-BF4B-00C04F79EFBC}") = "PrimeTest", "PrimeTest\PrimeTest.csproj", "{4383C505-0500-4DB9-BCBC-62C7B479DAAC}"
EndProject
Project("{FAE04EC0-301F-11D3-BF4B-00C04F79EFBC}") = "Lab_4.3_UnitTest", "Lab_4.3_UnitTest\Lab_4.3_UnitTest.csproj", "{CFF46A27-6A3E-4F26-A6DD-AF1BEDC76B0B}"
EndProject
Global
	GlobalSection(SolutionConfigurationPlatforms) = preSolution
		Debug|Any CPU = Debug|Any CPU
		Release|Any CPU = Release|Any CPU
	EndGlobalSection
	GlobalSection(ProjectConfigurationPlatforms) = postSolution
		{4383C505-0500-4DB9-BCBC-62C7B479DAAC}.Debug|Any CPU.ActiveCfg = Debug|Any CPU
		{4383C505-0500-4DB9-BCBC-62C7B479DAAC}.Debug|Any CPU.Build.0 = Debug|Any CPU
		{4383C505-0500-4DB9-BCBC-62C7B479DAAC}.Release|Any CPU.ActiveCfg = Release|Any CPU
		{4383C505-0500-4DB9-BCBC-62C7B479DAAC}.Release|Any CPU.Build.0 = Release|Any CPU
		{CFF46A27-6A3E-4F26-A6DD-AF1BEDC76B0B}.Debug|Any CPU.ActiveCfg = Debug|Any CPU
		{CFF46A27-6A3E-4F26-A6DD-AF1BEDC76B0B}.Debug|Any CPU.Build.0 = Debug|Any CPU
		{CFF46A27-6A3E-4F26-A6DD-AF1BEDC76B0B}.Release|Any CPU.ActiveCfg = Release|Any CPU
		{CFF46A27-6A3E-4F26-A6DD-AF1BEDC76B0B}.Release|Any CPU.Build.0 = Release|Any CPU
	EndGlobalSection
	GlobalSection(SolutionProperties) = preSolution
		HideSolutionNode = FALSE
	EndGlobalSection
	GlobalSection(ExtensibilityGlobals) = postSolution
		SolutionGuid = {130CA6B3-2FEE-47E3-A191-7E725D94C2E0}
	EndGlobalSection
EndGlobal
